
Microsoft Visual Studio Solution File, Format Version 10.00
# Visual Studio 2008
Project("{6989167D-11E4-40FE-8C1A-2192A86A7E90}") = "STAP90", "STAP90.vfproj", "{AFE52EEE-C4F9-4257-BEB8-6E7615453D43}"
EndProject
Global
	GlobalSection(SolutionConfigurationPlatforms) = preSolution
		Debug|Win32 = Debug|Win32
		Release|Win32 = Release|Win32
	EndGlobalSection
	GlobalSection(ProjectConfigurationPlatforms) = postSolution
		{AFE52EEE-C4F9-4257-BEB8-6E7615453D43}.Debug|Win32.ActiveCfg = Debug|Win32
		{AFE52EEE-C4F9-4257-BEB8-6E7615453D43}.Debug|Win32.Build.0 = Debug|Win32
		{AFE52EEE-C4F9-4257-BEB8-6E7615453D43}.Release|Win32.ActiveCfg = Release|Win32
		{AFE52EEE-C4F9-4257-BEB8-6E7615453D43}.Release|Win32.Build.0 = Release|Win32
	EndGlobalSection
	GlobalSection(SolutionProperties) = preSolution
		HideSolutionNode = FALSE
	EndGlobalSection
EndGlobal
